
Microsoft Visual Studio Solution File, Format Version 12.00
# Visual Studio Version 17
VisualStudioVersion = 17.11.35222.181
MinimumVisualStudioVersion = 10.0.40219.1
Project("{9092AA53-FB77-4645-B42D-1CCCA6BD08BD}") = "EmissionsCalculatorBackend", "EmissionsCalculatorBackend.njsproj", "{F386DD06-0923-4E85-B2D9-38AB60FD4758}"
EndProject
Global
	GlobalSection(SolutionConfigurationPlatforms) = preSolution
		Debug|Any CPU = Debug|Any CPU
		Release|Any CPU = Release|Any CPU
	EndGlobalSection
	GlobalSection(ProjectConfigurationPlatforms) = postSolution
		{F386DD06-0923-4E85-B2D9-38AB60FD4758}.Debug|Any CPU.ActiveCfg = Debug|Any CPU
		{F386DD06-0923-4E85-B2D9-38AB60FD4758}.Debug|Any CPU.Build.0 = Debug|Any CPU
		{F386DD06-0923-4E85-B2D9-38AB60FD4758}.Release|Any CPU.ActiveCfg = Release|Any CPU
		{F386DD06-0923-4E85-B2D9-38AB60FD4758}.Release|Any CPU.Build.0 = Release|Any CPU
	EndGlobalSection
	GlobalSection(SolutionProperties) = preSolution
		HideSolutionNode = FALSE
	EndGlobalSection
	GlobalSection(ExtensibilityGlobals) = postSolution
		SolutionGuid = {60DD2748-05B2-4471-87EC-144003E96608}
	EndGlobalSection
EndGlobal
